
Microsoft Visual Studio Solution File, Format Version 12.00
# Visual Studio Version 17
VisualStudioVersion = 17.14.36511.14 d17.14
MinimumVisualStudioVersion = 10.0.40219.1
Project("{8BC9CEB8-8B4A-11D0-8D11-00A0C91BC942}") = "review_pointers", "review_pointers.vcxproj", "{325C72BF-024B-4C39-9705-D6717802C2CC}"
EndProject
Global
	GlobalSection(SolutionConfigurationPlatforms) = preSolution
		Debug|x64 = Debug|x64
		Debug|x86 = Debug|x86
		Release|x64 = Release|x64
		Release|x86 = Release|x86
	EndGlobalSection
	GlobalSection(ProjectConfigurationPlatforms) = postSolution
		{325C72BF-024B-4C39-9705-D6717802C2CC}.Debug|x64.ActiveCfg = Debug|x64
		{325C72BF-024B-4C39-9705-D6717802C2CC}.Debug|x64.Build.0 = Debug|x64
		{325C72BF-024B-4C39-9705-D6717802C2CC}.Debug|x86.ActiveCfg = Debug|Win32
		{325C72BF-024B-4C39-9705-D6717802C2CC}.Debug|x86.Build.0 = Debug|Win32
		{325C72BF-024B-4C39-9705-D6717802C2CC}.Release|x64.ActiveCfg = Release|x64
		{325C72BF-024B-4C39-9705-D6717802C2CC}.Release|x64.Build.0 = Release|x64
		{325C72BF-024B-4C39-9705-D6717802C2CC}.Release|x86.ActiveCfg = Release|Win32
		{325C72BF-024B-4C39-9705-D6717802C2CC}.Release|x86.Build.0 = Release|Win32
	EndGlobalSection
	GlobalSection(SolutionProperties) = preSolution
		HideSolutionNode = FALSE
	EndGlobalSection
	GlobalSection(ExtensibilityGlobals) = postSolution
		SolutionGuid = {B1919664-8301-46F4-BEA5-91012846EEA4}
	EndGlobalSection
EndGlobal
